version = 1
revision = 2
requires-python = ">=3.11"

[[package]]
name = "acrm"
version = "0.1.2"
source = { editable = "." }
dependencies = [
    { name = "cleo" },
]

[package.metadata]
requires-dist = [{ name = "cleo", specifier = "~=2.0" }]

[[package]]
name = "cleo"
version = "2.1.0"
source = { registry = "https://pypi.org/simple" }
dependencies = [
    { name = "crashtest" },
    { name = "rapidfuzz" },
]
sdist = { url = "https://files.pythonhosted.org/packages/3c/30/f7960ed7041b158301c46774f87620352d50a9028d111b4211187af13783/cleo-2.1.0.tar.gz", hash = "sha256:0b2c880b5d13660a7ea651001fb4acb527696c01f15c9ee650f377aa543fd523", size = 79957, upload-time = "2023-10-30T18:54:12.057Z" }
wheels = [
    { url = "https://files.pythonhosted.org/packages/2d/f5/6bbead8b880620e5a99e0e4bb9e22e67cca16ff48d54105302a3e7821096/cleo-2.1.0-py3-none-any.whl", hash = "sha256:4a31bd4dd45695a64ee3c4758f583f134267c2bc518d8ae9a29cf237d009b07e", size = 78711, upload-time = "2023-10-30T18:54:08.557Z" },
]

[[package]]
name = "crashtest"
version = "0.4.1"
source = { registry = "https://pypi.org/simple" }
sdist = { url = "https://files.pythonhosted.org/packages/6e/5d/d79f51058e75948d6c9e7a3d679080a47be61c84d3cc8f71ee31255eb22b/crashtest-0.4.1.tar.gz", hash = "sha256:80d7b1f316ebfbd429f648076d6275c877ba30ba48979de4191714a75266f0ce", size = 4708, upload-time = "2022-11-02T21:15:13.722Z" }
wheels = [
    { url = "https://files.pythonhosted.org/packages/b0/5c/3ba7d12e7a79566f97b8f954400926d7b6eb33bcdccc1315a857f200f1f1/crashtest-0.4.1-py3-none-any.whl", hash = "sha256:8d23eac5fa660409f57472e3851dab7ac18aba459a8d19cbbba86d3d5aecd2a5", size = 7558, upload-time = "2022-11-02T21:15:12.437Z" },
]

[[package]]
name = "rapidfuzz"
version = "3.13.0"
source = { registry = "https://pypi.org/simple" }
sdist = { url = "https://files.pythonhosted.org/packages/ed/f6/6895abc3a3d056b9698da3199b04c0e56226d530ae44a470edabf8b664f0/rapidfuzz-3.13.0.tar.gz", hash = "sha256:d2eaf3839e52cbcc0accbe9817a67b4b0fcf70aaeb229cfddc1c28061f9ce5d8", size = 57904226, upload-time = "2025-04-03T20:38:51.226Z" }
wheels = [
    { url = "https://files.pythonhosted.org/packages/87/17/9be9eff5a3c7dfc831c2511262082c6786dca2ce21aa8194eef1cb71d67a/rapidfuzz-3.13.0-cp311-cp311-macosx_10_9_x86_64.whl", hash = "sha256:d395a5cad0c09c7f096433e5fd4224d83b53298d53499945a9b0e5a971a84f3a", size = 1999453, upload-time = "2025-04-03T20:35:40.804Z" },
    { url = "https://files.pythonhosted.org/packages/75/67/62e57896ecbabe363f027d24cc769d55dd49019e576533ec10e492fcd8a2/rapidfuzz-3.13.0-cp311-cp311-macosx_11_0_arm64.whl", hash = "sha256:b7b3eda607a019169f7187328a8d1648fb9a90265087f6903d7ee3a8eee01805", size = 1450881, upload-time = "2025-04-03T20:35:42.734Z" },
    { url = "https://files.pythonhosted.org/packages/96/5c/691c5304857f3476a7b3df99e91efc32428cbe7d25d234e967cc08346c13/rapidfuzz-3.13.0-cp311-cp311-manylinux_2_17_aarch64.manylinux2014_aarch64.whl", hash = "sha256:98e0bfa602e1942d542de077baf15d658bd9d5dcfe9b762aff791724c1c38b70", size = 1422990, upload-time = "2025-04-03T20:35:45.158Z" },
    { url = "https://files.pythonhosted.org/packages/46/81/7a7e78f977496ee2d613154b86b203d373376bcaae5de7bde92f3ad5a192/rapidfuzz-3.13.0-cp311-cp311-manylinux_2_17_i686.manylinux2014_i686.whl", hash = "sha256:bef86df6d59667d9655905b02770a0c776d2853971c0773767d5ef8077acd624", size = 5342309, upload-time = "2025-04-03T20:35:46.952Z" },
    { url = "https://files.pythonhosted.org/packages/51/44/12fdd12a76b190fe94bf38d252bb28ddf0ab7a366b943e792803502901a2/rapidfuzz-3.13.0-cp311-cp311-manylinux_2_17_ppc64le.manylinux2014_ppc64le.whl", hash = "sha256:fedd316c165beed6307bf754dee54d3faca2c47e1f3bcbd67595001dfa11e969", size = 1656881, upload-time = "2025-04-03T20:35:49.954Z" },
    { url = "https://files.pythonhosted.org/packages/27/ae/0d933e660c06fcfb087a0d2492f98322f9348a28b2cc3791a5dbadf6e6fb/rapidfuzz-3.13.0-cp311-cp311-manylinux_2_17_s390x.manylinux2014_s390x.whl", hash = "sha256:5158da7f2ec02a930be13bac53bb5903527c073c90ee37804090614cab83c29e", size = 1608494, upload-time = "2025-04-03T20:35:51.646Z" },
    { url = "https://files.pythonhosted.org/packages/3d/2c/4b2f8aafdf9400e5599b6ed2f14bc26ca75f5a923571926ccbc998d4246a/rapidfuzz-3.13.0-cp311-cp311-manylinux_2_17_x86_64.manylinux2014_x86_64.whl", hash = "sha256:3b6f913ee4618ddb6d6f3e387b76e8ec2fc5efee313a128809fbd44e65c2bbb2", size = 3072160, upload-time = "2025-04-03T20:35:53.472Z" },
    { url = "https://files.pythonhosted.org/packages/60/7d/030d68d9a653c301114101c3003b31ce01cf2c3224034cd26105224cd249/rapidfuzz-3.13.0-cp311-cp311-musllinux_1_2_aarch64.whl", hash = "sha256:d25fdbce6459ccbbbf23b4b044f56fbd1158b97ac50994eaae2a1c0baae78301", size = 2491549, upload-time = "2025-04-03T20:35:55.391Z" },
    { url = "https://files.pythonhosted.org/packages/8e/cd/7040ba538fc6a8ddc8816a05ecf46af9988b46c148ddd7f74fb0fb73d012/rapidfuzz-3.13.0-cp311-cp311-musllinux_1_2_i686.whl", hash = "sha256:25343ccc589a4579fbde832e6a1e27258bfdd7f2eb0f28cb836d6694ab8591fc", size = 7584142, upload-time = "2025-04-03T20:35:57.71Z" },
    { url = "https://files.pythonhosted.org/packages/c1/96/85f7536fbceb0aa92c04a1c37a3fc4fcd4e80649e9ed0fb585382df82edc/rapidfuzz-3.13.0-cp311-cp311-musllinux_1_2_ppc64le.whl", hash = "sha256:a9ad1f37894e3ffb76bbab76256e8a8b789657183870be11aa64e306bb5228fd", size = 2896234, upload-time = "2025-04-03T20:35:59.969Z" },
    { url = "https://files.pythonhosted.org/packages/55/fd/460e78438e7019f2462fe9d4ecc880577ba340df7974c8a4cfe8d8d029df/rapidfuzz-3.13.0-cp311-cp311-musllinux_1_2_s390x.whl", hash = "sha256:5dc71ef23845bb6b62d194c39a97bb30ff171389c9812d83030c1199f319098c", size = 3437420, upload-time = "2025-04-03T20:36:01.91Z" },
    { url = "https://files.pythonhosted.org/packages/cc/df/c3c308a106a0993befd140a414c5ea78789d201cf1dfffb8fd9749718d4f/rapidfuzz-3.13.0-cp311-cp311-musllinux_1_2_x86_64.whl", hash = "sha256:b7f4c65facdb94f44be759bbd9b6dda1fa54d0d6169cdf1a209a5ab97d311a75", size = 4410860, upload-time = "2025-04-03T20:36:04.352Z" },
    { url = "https://files.pythonhosted.org/packages/75/ee/9d4ece247f9b26936cdeaae600e494af587ce9bf8ddc47d88435f05cfd05/rapidfuzz-3.13.0-cp311-cp311-win32.whl", hash = "sha256:b5104b62711565e0ff6deab2a8f5dbf1fbe333c5155abe26d2cfd6f1849b6c87", size = 1843161, upload-time = "2025-04-03T20:36:06.802Z" },
    { url = "https://files.pythonhosted.org/packages/c9/5a/d00e1f63564050a20279015acb29ecaf41646adfacc6ce2e1e450f7f2633/rapidfuzz-3.13.0-cp311-cp311-win_amd64.whl", hash = "sha256:9093cdeb926deb32a4887ebe6910f57fbcdbc9fbfa52252c10b56ef2efb0289f", size = 1629962, upload-time = "2025-04-03T20:36:09.133Z" },
    { url = "https://files.pythonhosted.org/packages/3b/74/0a3de18bc2576b794f41ccd07720b623e840fda219ab57091897f2320fdd/rapidfuzz-3.13.0-cp311-cp311-win_arm64.whl", hash = "sha256:f70f646751b6aa9d05be1fb40372f006cc89d6aad54e9d79ae97bd1f5fce5203", size = 866631, upload-time = "2025-04-03T20:36:11.022Z" },
    { url = "https://files.pythonhosted.org/packages/13/4b/a326f57a4efed8f5505b25102797a58e37ee11d94afd9d9422cb7c76117e/rapidfuzz-3.13.0-cp312-cp312-macosx_10_13_x86_64.whl", hash = "sha256:4a1a6a906ba62f2556372282b1ef37b26bca67e3d2ea957277cfcefc6275cca7", size = 1989501, upload-time = "2025-04-03T20:36:13.43Z" },
    { url = "https://files.pythonhosted.org/packages/b7/53/1f7eb7ee83a06c400089ec7cb841cbd581c2edd7a4b21eb2f31030b88daa/rapidfuzz-3.13.0-cp312-cp312-macosx_11_0_arm64.whl", hash = "sha256:2fd0975e015b05c79a97f38883a11236f5a24cca83aa992bd2558ceaa5652b26", size = 1445379, upload-time = "2025-04-03T20:36:16.439Z" },
    { url = "https://files.pythonhosted.org/packages/07/09/de8069a4599cc8e6d194e5fa1782c561151dea7d5e2741767137e2a8c1f0/rapidfuzz-3.13.0-cp312-cp312-manylinux_2_17_aarch64.manylinux2014_aarch64.whl", hash = "sha256:5d4e13593d298c50c4f94ce453f757b4b398af3fa0fd2fde693c3e51195b7f69", size = 1405986, upload-time = "2025-04-03T20:36:18.447Z" },
    { url = "https://files.pythonhosted.org/packages/5d/77/d9a90b39c16eca20d70fec4ca377fbe9ea4c0d358c6e4736ab0e0e78aaf6/rapidfuzz-3.13.0-cp312-cp312-manylinux_2_17_i686.manylinux2014_i686.whl", hash = "sha256:ed6f416bda1c9133000009d84d9409823eb2358df0950231cc936e4bf784eb97", size = 5310809, upload-time = "2025-04-03T20:36:20.324Z" },
    { url = "https://files.pythonhosted.org/packages/1e/7d/14da291b0d0f22262d19522afaf63bccf39fc027c981233fb2137a57b71f/rapidfuzz-3.13.0-cp312-cp312-manylinux_2_17_ppc64le.manylinux2014_ppc64le.whl", hash = "sha256:1dc82b6ed01acb536b94a43996a94471a218f4d89f3fdd9185ab496de4b2a981", size = 1629394, upload-time = "2025-04-03T20:36:22.256Z" },
    { url = "https://files.pythonhosted.org/packages/b7/e4/79ed7e4fa58f37c0f8b7c0a62361f7089b221fe85738ae2dbcfb815e985a/rapidfuzz-3.13.0-cp312-cp312-manylinux_2_17_s390x.manylinux2014_s390x.whl", hash = "sha256:e9d824de871daa6e443b39ff495a884931970d567eb0dfa213d234337343835f", size = 1600544, upload-time = "2025-04-03T20:36:24.207Z" },
    { url = "https://files.pythonhosted.org/packages/4e/20/e62b4d13ba851b0f36370060025de50a264d625f6b4c32899085ed51f980/rapidfuzz-3.13.0-cp312-cp312-manylinux_2_17_x86_64.manylinux2014_x86_64.whl", hash = "sha256:2d18228a2390375cf45726ce1af9d36ff3dc1f11dce9775eae1f1b13ac6ec50f", size = 3052796, upload-time = "2025-04-03T20:36:26.279Z" },
    { url = "https://files.pythonhosted.org/packages/cd/8d/55fdf4387dec10aa177fe3df8dbb0d5022224d95f48664a21d6b62a5299d/rapidfuzz-3.13.0-cp312-cp312-musllinux_1_2_aarch64.whl", hash = "sha256:9f5fe634c9482ec5d4a6692afb8c45d370ae86755e5f57aa6c50bfe4ca2bdd87", size = 2464016, upload-time = "2025-04-03T20:36:28.525Z" },
    { url = "https://files.pythonhosted.org/packages/9b/be/0872f6a56c0f473165d3b47d4170fa75263dc5f46985755aa9bf2bbcdea1/rapidfuzz-3.13.0-cp312-cp312-musllinux_1_2_i686.whl", hash = "sha256:694eb531889f71022b2be86f625a4209c4049e74be9ca836919b9e395d5e33b3", size = 7556725, upload-time = "2025-04-03T20:36:30.629Z" },
    { url = "https://files.pythonhosted.org/packages/5d/f3/6c0750e484d885a14840c7a150926f425d524982aca989cdda0bb3bdfa57/rapidfuzz-3.13.0-cp312-cp312-musllinux_1_2_ppc64le.whl", hash = "sha256:11b47b40650e06147dee5e51a9c9ad73bb7b86968b6f7d30e503b9f8dd1292db", size = 2859052, upload-time = "2025-04-03T20:36:32.836Z" },
    { url = "https://files.pythonhosted.org/packages/6f/98/5a3a14701b5eb330f444f7883c9840b43fb29c575e292e09c90a270a6e07/rapidfuzz-3.13.0-cp312-cp312-musllinux_1_2_s390x.whl", hash = "sha256:98b8107ff14f5af0243f27d236bcc6e1ef8e7e3b3c25df114e91e3a99572da73", size = 3390219, upload-time = "2025-04-03T20:36:35.062Z" },
    { url = "https://files.pythonhosted.org/packages/e9/7d/f4642eaaeb474b19974332f2a58471803448be843033e5740965775760a5/rapidfuzz-3.13.0-cp312-cp312-musllinux_1_2_x86_64.whl", hash = "sha256:b836f486dba0aceb2551e838ff3f514a38ee72b015364f739e526d720fdb823a", size = 4377924, upload-time = "2025-04-03T20:36:37.363Z" },
    { url = "https://files.pythonhosted.org/packages/8e/83/fa33f61796731891c3e045d0cbca4436a5c436a170e7f04d42c2423652c3/rapidfuzz-3.13.0-cp312-cp312-win32.whl", hash = "sha256:4671ee300d1818d7bdfd8fa0608580d7778ba701817216f0c17fb29e6b972514", size = 1823915, upload-time = "2025-04-03T20:36:39.451Z" },
    { url = "https://files.pythonhosted.org/packages/03/25/5ee7ab6841ca668567d0897905eebc79c76f6297b73bf05957be887e9c74/rapidfuzz-3.13.0-cp312-cp312-win_amd64.whl", hash = "sha256:6e2065f68fb1d0bf65adc289c1bdc45ba7e464e406b319d67bb54441a1b9da9e", size = 1616985, upload-time = "2025-04-03T20:36:41.631Z" },
    { url = "https://files.pythonhosted.org/packages/76/5e/3f0fb88db396cb692aefd631e4805854e02120a2382723b90dcae720bcc6/rapidfuzz-3.13.0-cp312-cp312-win_arm64.whl", hash = "sha256:65cc97c2fc2c2fe23586599686f3b1ceeedeca8e598cfcc1b7e56dc8ca7e2aa7", size = 860116, upload-time = "2025-04-03T20:36:43.915Z" },
    { url = "https://files.pythonhosted.org/packages/0a/76/606e71e4227790750f1646f3c5c873e18d6cfeb6f9a77b2b8c4dec8f0f66/rapidfuzz-3.13.0-cp313-cp313-macosx_10_13_x86_64.whl", hash = "sha256:09e908064d3684c541d312bd4c7b05acb99a2c764f6231bd507d4b4b65226c23", size = 1982282, upload-time = "2025-04-03T20:36:46.149Z" },
    { url = "https://files.pythonhosted.org/packages/0a/f5/d0b48c6b902607a59fd5932a54e3518dae8223814db8349b0176e6e9444b/rapidfuzz-3.13.0-cp313-cp313-macosx_11_0_arm64.whl", hash = "sha256:57c390336cb50d5d3bfb0cfe1467478a15733703af61f6dffb14b1cd312a6fae", size = 1439274, upload-time = "2025-04-03T20:36:48.323Z" },
    { url = "https://files.pythonhosted.org/packages/59/cf/c3ac8c80d8ced6c1f99b5d9674d397ce5d0e9d0939d788d67c010e19c65f/rapidfuzz-3.13.0-cp313-cp313-manylinux_2_17_aarch64.manylinux2014_aarch64.whl", hash = "sha256:0da54aa8547b3c2c188db3d1c7eb4d1bb6dd80baa8cdaeaec3d1da3346ec9caa", size = 1399854, upload-time = "2025-04-03T20:36:50.294Z" },
    { url = "https://files.pythonhosted.org/packages/09/5d/ca8698e452b349c8313faf07bfa84e7d1c2d2edf7ccc67bcfc49bee1259a/rapidfuzz-3.13.0-cp313-cp313-manylinux_2_17_i686.manylinux2014_i686.whl", hash = "sha256:df8e8c21e67afb9d7fbe18f42c6111fe155e801ab103c81109a61312927cc611", size = 5308962, upload-time = "2025-04-03T20:36:52.421Z" },
    { url = "https://files.pythonhosted.org/packages/66/0a/bebada332854e78e68f3d6c05226b23faca79d71362509dbcf7b002e33b7/rapidfuzz-3.13.0-cp313-cp313-manylinux_2_17_ppc64le.manylinux2014_ppc64le.whl", hash = "sha256:461fd13250a2adf8e90ca9a0e1e166515cbcaa5e9c3b1f37545cbbeff9e77f6b", size = 1625016, upload-time = "2025-04-03T20:36:54.639Z" },
    { url = "https://files.pythonhosted.org/packages/de/0c/9e58d4887b86d7121d1c519f7050d1be5eb189d8a8075f5417df6492b4f5/rapidfuzz-3.13.0-cp313-cp313-manylinux_2_17_s390x.manylinux2014_s390x.whl", hash = "sha256:c2b3dd5d206a12deca16870acc0d6e5036abeb70e3cad6549c294eff15591527", size = 1600414, upload-time = "2025-04-03T20:36:56.669Z" },
    { url = "https://files.pythonhosted.org/packages/9b/df/6096bc669c1311568840bdcbb5a893edc972d1c8d2b4b4325c21d54da5b1/rapidfuzz-3.13.0-cp313-cp313-manylinux_2_17_x86_64.manylinux2014_x86_64.whl", hash = "sha256:1343d745fbf4688e412d8f398c6e6d6f269db99a54456873f232ba2e7aeb4939", size = 3053179, upload-time = "2025-04-03T20:36:59.366Z" },
    { url = "https://files.pythonhosted.org/packages/f9/46/5179c583b75fce3e65a5cd79a3561bd19abd54518cb7c483a89b284bf2b9/rapidfuzz-3.13.0-cp313-cp313-musllinux_1_2_aarch64.whl", hash = "sha256:b1b065f370d54551dcc785c6f9eeb5bd517ae14c983d2784c064b3aa525896df", size = 2456856, upload-time = "2025-04-03T20:37:01.708Z" },
    { url = "https://files.pythonhosted.org/packages/6b/64/e9804212e3286d027ac35bbb66603c9456c2bce23f823b67d2f5cabc05c1/rapidfuzz-3.13.0-cp313-cp313-musllinux_1_2_i686.whl", hash = "sha256:11b125d8edd67e767b2295eac6eb9afe0b1cdc82ea3d4b9257da4b8e06077798", size = 7567107, upload-time = "2025-04-03T20:37:04.521Z" },
    { url = "https://files.pythonhosted.org/packages/8a/f2/7d69e7bf4daec62769b11757ffc31f69afb3ce248947aadbb109fefd9f65/rapidfuzz-3.13.0-cp313-cp313-musllinux_1_2_ppc64le.whl", hash = "sha256:c33f9c841630b2bb7e69a3fb5c84a854075bb812c47620978bddc591f764da3d", size = 2854192, upload-time = "2025-04-03T20:37:06.905Z" },
    { url = "https://files.pythonhosted.org/packages/05/21/ab4ad7d7d0f653e6fe2e4ccf11d0245092bef94cdff587a21e534e57bda8/rapidfuzz-3.13.0-cp313-cp313-musllinux_1_2_s390x.whl", hash = "sha256:ae4574cb66cf1e85d32bb7e9ec45af5409c5b3970b7ceb8dea90168024127566", size = 3398876, upload-time = "2025-04-03T20:37:09.692Z" },
    { url = "https://files.pythonhosted.org/packages/0f/a8/45bba94c2489cb1ee0130dcb46e1df4fa2c2b25269e21ffd15240a80322b/rapidfuzz-3.13.0-cp313-cp313-musllinux_1_2_x86_64.whl", hash = "sha256:e05752418b24bbd411841b256344c26f57da1148c5509e34ea39c7eb5099ab72", size = 4377077, upload-time = "2025-04-03T20:37:11.929Z" },
    { url = "https://files.pythonhosted.org/packages/0c/f3/5e0c6ae452cbb74e5436d3445467447e8c32f3021f48f93f15934b8cffc2/rapidfuzz-3.13.0-cp313-cp313-win32.whl", hash = "sha256:0e1d08cb884805a543f2de1f6744069495ef527e279e05370dd7c83416af83f8", size = 1822066, upload-time = "2025-04-03T20:37:14.425Z" },
    { url = "https://files.pythonhosted.org/packages/96/e3/a98c25c4f74051df4dcf2f393176b8663bfd93c7afc6692c84e96de147a2/rapidfuzz-3.13.0-cp313-cp313-win_amd64.whl", hash = "sha256:9a7c6232be5f809cd39da30ee5d24e6cadd919831e6020ec6c2391f4c3bc9264", size = 1615100, upload-time = "2025-04-03T20:37:16.611Z" },
    { url = "https://files.pythonhosted.org/packages/60/b1/05cd5e697c00cd46d7791915f571b38c8531f714832eff2c5e34537c49ee/rapidfuzz-3.13.0-cp313-cp313-win_arm64.whl", hash = "sha256:3f32f15bacd1838c929b35c84b43618481e1b3d7a61b5ed2db0291b70ae88b53", size = 858976, upload-time = "2025-04-03T20:37:19.336Z" },
    { url = "https://files.pythonhosted.org/packages/88/df/6060c5a9c879b302bd47a73fc012d0db37abf6544c57591bcbc3459673bd/rapidfuzz-3.13.0-pp311-pypy311_pp73-macosx_10_15_x86_64.whl", hash = "sha256:1ba007f4d35a45ee68656b2eb83b8715e11d0f90e5b9f02d615a8a321ff00c27", size = 1905935, upload-time = "2025-04-03T20:38:18.07Z" },
    { url = "https://files.pythonhosted.org/packages/a2/6c/a0b819b829e20525ef1bd58fc776fb8d07a0c38d819e63ba2b7c311a2ed4/rapidfuzz-3.13.0-pp311-pypy311_pp73-macosx_11_0_arm64.whl", hash = "sha256:d7a217310429b43be95b3b8ad7f8fc41aba341109dc91e978cd7c703f928c58f", size = 1383714, upload-time = "2025-04-03T20:38:20.628Z" },
    { url = "https://files.pythonhosted.org/packages/6a/c1/3da3466cc8a9bfb9cd345ad221fac311143b6a9664b5af4adb95b5e6ce01/rapidfuzz-3.13.0-pp311-pypy311_pp73-manylinux_2_17_aarch64.manylinux2014_aarch64.whl", hash = "sha256:558bf526bcd777de32b7885790a95a9548ffdcce68f704a81207be4a286c1095", size = 1367329, upload-time = "2025-04-03T20:38:23.01Z" },
    { url = "https://files.pythonhosted.org/packages/da/f0/9f2a9043bfc4e66da256b15d728c5fc2d865edf0028824337f5edac36783/rapidfuzz-3.13.0-pp311-pypy311_pp73-manylinux_2_17_i686.manylinux2014_i686.whl", hash = "sha256:202a87760f5145140d56153b193a797ae9338f7939eb16652dd7ff96f8faf64c", size = 5251057, upload-time = "2025-04-03T20:38:25.52Z" },
    { url = "https://files.pythonhosted.org/packages/6a/ff/af2cb1d8acf9777d52487af5c6b34ce9d13381a753f991d95ecaca813407/rapidfuzz-3.13.0-pp311-pypy311_pp73-manylinux_2_17_x86_64.manylinux2014_x86_64.whl", hash = "sha256:cfcccc08f671646ccb1e413c773bb92e7bba789e3a1796fd49d23c12539fe2e4", size = 2992401, upload-time = "2025-04-03T20:38:28.196Z" },
    { url = "https://files.pythonhosted.org/packages/c1/c5/c243b05a15a27b946180db0d1e4c999bef3f4221505dff9748f1f6c917be/rapidfuzz-3.13.0-pp311-pypy311_pp73-win_amd64.whl", hash = "sha256:1f219f1e3c3194d7a7de222f54450ce12bc907862ff9a8962d83061c1f923c86", size = 1553782, upload-time = "2025-04-03T20:38:30.778Z" },
]
